
Microsoft Visual Studio Solution File, Format Version 12.00
# Visual Studio Version 17
VisualStudioVersion = 17.1.32319.34
MinimumVisualStudioVersion = 10.0.40219.1
Project("{9A19103F-16F7-4668-BE54-9A1E7A4F7556}") = "SampleUnitTesting.API", "SampleUnitTesting.API\SampleUnitTesting.API.csproj", "{9846433C-A00A-4185-B9E1-0F22B5537E8C}"
EndProject
Project("{9A19103F-16F7-4668-BE54-9A1E7A4F7556}") = "SampleUnitTesting.Infrastructure", "SampleUnitTesting.Infrastructure\SampleUnitTesting.Infrastructure.csproj", "{BCE78F87-37EF-441F-AFD5-C677D218E6D4}"
EndProject
Project("{9A19103F-16F7-4668-BE54-9A1E7A4F7556}") = "SampleUnitTesting.Application", "SampleUnitTesting.Application\SampleUnitTesting.Application.csproj", "{9AE28A1F-FDDB-468C-89B0-555512091DFD}"
EndProject
Project("{9A19103F-16F7-4668-BE54-9A1E7A4F7556}") = "SampleUnitTesting.Domain", "SampleUnitTesting.Domain\SampleUnitTesting.Domain.csproj", "{17001196-1D09-4A30-AA8D-79E0BBFF86A6}"
EndProject
Project("{FAE04EC0-301F-11D3-BF4B-00C04F79EFBC}") = "SampleUnitTesting.Tests", "SampleUnitTesting.Tests\SampleUnitTesting.Tests.csproj", "{E2B2B96F-6475-4E73-83EA-F1E7D23580D5}"
EndProject
Global
	GlobalSection(SolutionConfigurationPlatforms) = preSolution
		Debug|Any CPU = Debug|Any CPU
		Release|Any CPU = Release|Any CPU
	EndGlobalSection
	GlobalSection(ProjectConfigurationPlatforms) = postSolution
		{9846433C-A00A-4185-B9E1-0F22B5537E8C}.Debug|Any CPU.ActiveCfg = Debug|Any CPU
		{9846433C-A00A-4185-B9E1-0F22B5537E8C}.Debug|Any CPU.Build.0 = Debug|Any CPU
		{9846433C-A00A-4185-B9E1-0F22B5537E8C}.Release|Any CPU.ActiveCfg = Release|Any CPU
		{9846433C-A00A-4185-B9E1-0F22B5537E8C}.Release|Any CPU.Build.0 = Release|Any CPU
		{BCE78F87-37EF-441F-AFD5-C677D218E6D4}.Debug|Any CPU.ActiveCfg = Debug|Any CPU
		{BCE78F87-37EF-441F-AFD5-C677D218E6D4}.Debug|Any CPU.Build.0 = Debug|Any CPU
		{BCE78F87-37EF-441F-AFD5-C677D218E6D4}.Release|Any CPU.ActiveCfg = Release|Any CPU
		{BCE78F87-37EF-441F-AFD5-C677D218E6D4}.Release|Any CPU.Build.0 = Release|Any CPU
		{9AE28A1F-FDDB-468C-89B0-555512091DFD}.Debug|Any CPU.ActiveCfg = Debug|Any CPU
		{9AE28A1F-FDDB-468C-89B0-555512091DFD}.Debug|Any CPU.Build.0 = Debug|Any CPU
		{9AE28A1F-FDDB-468C-89B0-555512091DFD}.Release|Any CPU.ActiveCfg = Release|Any CPU
		{9AE28A1F-FDDB-468C-89B0-555512091DFD}.Release|Any CPU.Build.0 = Release|Any CPU
		{17001196-1D09-4A30-AA8D-79E0BBFF86A6}.Debug|Any CPU.ActiveCfg = Debug|Any CPU
		{17001196-1D09-4A30-AA8D-79E0BBFF86A6}.Debug|Any CPU.Build.0 = Debug|Any CPU
		{17001196-1D09-4A30-AA8D-79E0BBFF86A6}.Release|Any CPU.ActiveCfg = Release|Any CPU
		{17001196-1D09-4A30-AA8D-79E0BBFF86A6}.Release|Any CPU.Build.0 = Release|Any CPU
		{E2B2B96F-6475-4E73-83EA-F1E7D23580D5}.Debug|Any CPU.ActiveCfg = Debug|Any CPU
		{E2B2B96F-6475-4E73-83EA-F1E7D23580D5}.Debug|Any CPU.Build.0 = Debug|Any CPU
		{E2B2B96F-6475-4E73-83EA-F1E7D23580D5}.Release|Any CPU.ActiveCfg = Release|Any CPU
		{E2B2B96F-6475-4E73-83EA-F1E7D23580D5}.Release|Any CPU.Build.0 = Release|Any CPU
	EndGlobalSection
	GlobalSection(SolutionProperties) = preSolution
		HideSolutionNode = FALSE
	EndGlobalSection
	GlobalSection(ExtensibilityGlobals) = postSolution
		SolutionGuid = {7E9489F4-B9BC-4598-8559-36846B1F5874}
	EndGlobalSection
EndGlobal
